
Microsoft Visual Studio Solution File, Format Version 12.00
# Visual Studio Version 17
VisualStudioVersion = 17.3.32819.101
MinimumVisualStudioVersion = 10.0.40219.1
Project("{8BC9CEB8-8B4A-11D0-8D11-00A0C91BC942}") = "Spare", "Spare\Spare.vcxproj", "{D34EEEB1-8D50-4DAF-96C7-6A06EE9367A8}"
EndProject
Global
	GlobalSection(SolutionConfigurationPlatforms) = preSolution
		Debug|x64 = Debug|x64
		Debug|x86 = Debug|x86
		Release|x64 = Release|x64
		Release|x86 = Release|x86
	EndGlobalSection
	GlobalSection(ProjectConfigurationPlatforms) = postSolution
		{D34EEEB1-8D50-4DAF-96C7-6A06EE9367A8}.Debug|x64.ActiveCfg = Debug|x64
		{D34EEEB1-8D50-4DAF-96C7-6A06EE9367A8}.Debug|x64.Build.0 = Debug|x64
		{D34EEEB1-8D50-4DAF-96C7-6A06EE9367A8}.Debug|x86.ActiveCfg = Debug|Win32
		{D34EEEB1-8D50-4DAF-96C7-6A06EE9367A8}.Debug|x86.Build.0 = Debug|Win32
		{D34EEEB1-8D50-4DAF-96C7-6A06EE9367A8}.Release|x64.ActiveCfg = Release|x64
		{D34EEEB1-8D50-4DAF-96C7-6A06EE9367A8}.Release|x64.Build.0 = Release|x64
		{D34EEEB1-8D50-4DAF-96C7-6A06EE9367A8}.Release|x86.ActiveCfg = Release|Win32
		{D34EEEB1-8D50-4DAF-96C7-6A06EE9367A8}.Release|x86.Build.0 = Release|Win32
	EndGlobalSection
	GlobalSection(SolutionProperties) = preSolution
		HideSolutionNode = FALSE
	EndGlobalSection
	GlobalSection(ExtensibilityGlobals) = postSolution
		SolutionGuid = {B57FB2AD-F49A-413E-B398-EC7A64E55582}
	EndGlobalSection
EndGlobal
